
Microsoft Visual Studio Solution File, Format Version 12.00
# Visual Studio Version 16
VisualStudioVersion = 16.0.30907.101
MinimumVisualStudioVersion = 10.0.40219.1
Project("{8BC9CEB8-8B4A-11D0-8D11-00A0C91BC942}") = "disarmv4t", "disarmv4t\disarmv4t.vcxproj", "{43404593-CCBE-43E6-BFF5-53F4734288A3}"
EndProject
Global
	GlobalSection(SolutionConfigurationPlatforms) = preSolution
		Debug|x64 = Debug|x64
		Release|x64 = Release|x64
	EndGlobalSection
	GlobalSection(ProjectConfigurationPlatforms) = postSolution
		{43404593-CCBE-43E6-BFF5-53F4734288A3}.Debug|x64.ActiveCfg = Debug|x64
		{43404593-CCBE-43E6-BFF5-53F4734288A3}.Debug|x64.Build.0 = Debug|x64
		{43404593-CCBE-43E6-BFF5-53F4734288A3}.Release|x64.ActiveCfg = Release|x64
		{43404593-CCBE-43E6-BFF5-53F4734288A3}.Release|x64.Build.0 = Release|x64
	EndGlobalSection
	GlobalSection(SolutionProperties) = preSolution
		HideSolutionNode = FALSE
	EndGlobalSection
	GlobalSection(ExtensibilityGlobals) = postSolution
		SolutionGuid = {DBDA5A4D-2E99-4831-9465-05F91017DF99}
	EndGlobalSection
EndGlobal
